{
  "name": "contract-generator",
  "version": "3.4.0",
  "lockfileVersion": 3,
  "requires": true,
  "packages": {
    "": {
      "name": "contract-generator",
      "version": "3.4.0",
      "license": "UNLICENSED",
      "os": [
        "darwin",
        "linux",
        "win32"
      ],
      "bin": {
        "contract": "scripts/contract-cli.js"
      },
      "devDependencies": {},
      "engines": {
        "node": ">=18.0.0"
      }
    }
  }
}
